
Microsoft Visual Studio Solution File, Format Version 12.00
# Visual Studio 15
VisualStudioVersion = 15.0.28307.1321
MinimumVisualStudioVersion = 10.0.40219.1
Project("{FAE04EC0-301F-11D3-BF4B-00C04F79EFBC}") = "SAT.UI.MVC", "SAT.UI.MVC\SAT.UI.MVC.csproj", "{146D4E48-D912-453C-8DED-B7B174FF47C6}"
EndProject
Global
	GlobalSection(SolutionConfigurationPlatforms) = preSolution
		Debug|Any CPU = Debug|Any CPU
		Release|Any CPU = Release|Any CPU
	EndGlobalSection
	GlobalSection(ProjectConfigurationPlatforms) = postSolution
		{146D4E48-D912-453C-8DED-B7B174FF47C6}.Debug|Any CPU.ActiveCfg = Debug|Any CPU
		{146D4E48-D912-453C-8DED-B7B174FF47C6}.Debug|Any CPU.Build.0 = Debug|Any CPU
		{146D4E48-D912-453C-8DED-B7B174FF47C6}.Release|Any CPU.ActiveCfg = Release|Any CPU
		{146D4E48-D912-453C-8DED-B7B174FF47C6}.Release|Any CPU.Build.0 = Release|Any CPU
	EndGlobalSection
	GlobalSection(SolutionProperties) = preSolution
		HideSolutionNode = FALSE
	EndGlobalSection
	GlobalSection(ExtensibilityGlobals) = postSolution
		SolutionGuid = {A21A5FF8-AC5F-48C2-9C45-BEC3F4CA24C0}
	EndGlobalSection
EndGlobal
